
Microsoft Visual Studio Solution File, Format Version 12.00
# Visual Studio Version 17
VisualStudioVersion = 17.14.36310.24 d17.14
MinimumVisualStudioVersion = 10.0.40219.1
Project("{FAE04EC0-301F-11D3-BF4B-00C04F79EFBC}") = "HuaweiONTRestart", "HuaweiONTRestart.csproj", "{FF292EA7-6A3B-4B39-9AC1-774539D5B15B}"
EndProject
Global
	GlobalSection(SolutionConfigurationPlatforms) = preSolution
		Debug|Any CPU = Debug|Any CPU
		Release|Any CPU = Release|Any CPU
	EndGlobalSection
	GlobalSection(ProjectConfigurationPlatforms) = postSolution
		{FF292EA7-6A3B-4B39-9AC1-774539D5B15B}.Debug|Any CPU.ActiveCfg = Debug|Any CPU
		{FF292EA7-6A3B-4B39-9AC1-774539D5B15B}.Debug|Any CPU.Build.0 = Debug|Any CPU
		{FF292EA7-6A3B-4B39-9AC1-774539D5B15B}.Release|Any CPU.ActiveCfg = Release|Any CPU
		{FF292EA7-6A3B-4B39-9AC1-774539D5B15B}.Release|Any CPU.Build.0 = Release|Any CPU
	EndGlobalSection
	GlobalSection(SolutionProperties) = preSolution
		HideSolutionNode = FALSE
	EndGlobalSection
	GlobalSection(ExtensibilityGlobals) = postSolution
		SolutionGuid = {0D43997C-C94F-44F5-87C9-B7C59CB078DE}
	EndGlobalSection
EndGlobal
